<?xml version="1.0" encoding="utf-8"?>
<Project ToolsVersion="4.0" xmlns="http://schemas.microsoft.com/developer/msbuild/2003">
  <ItemGroup>
    <ClCompile Include="src\main.cpp" />
    <ClCompile Include="src\pch.cpp" />
    <ClCompile Include="src\projectile.cpp" />
    <ClCompile Include="src\comparinator_test_unit.cpp">
      <Filter>components</Filter>
    </ClCompile>
    <ClCompile Include="src\color.cpp">
      <Filter>components</Filter>
    </ClCompile>
    <ClCompile Include="src\color_test_unit.cpp">
      <Filter>components</Filter>
    </ClCompile>
    <ClCompile Include="src\comparinator.cpp">
      <Filter>components</Filter>
    </ClCompile>
    <ClCompile Include="src\tuple_test_unit.cpp">
      <Filter>components</Filter>
    </ClCompile>
    <ClCompile Include="src\tuple.cpp">
      <Filter>components</Filter>
    </ClCompile>
    <ClCompile Include="src\canvas_test_unit.cpp">
      <Filter>components</Filter>
    </ClCompile>
    <ClCompile Include="src\canvas.cpp">
      <Filter>components</Filter>
    </ClCompile>
    <ClCompile Include="src\matrix.cpp">
      <Filter>components</Filter>
    </ClCompile>
    <ClCompile Include="src\matrix_test_unit.cpp">
      <Filter>components</Filter>
    </ClCompile>
    <ClCompile Include="src\ray.cpp">
      <Filter>components</Filter>
    </ClCompile>
    <ClCompile Include="src\ray_test_unit.cpp">
      <Filter>components</Filter>
    </ClCompile>
  </ItemGroup>
  <ItemGroup>
    <ClInclude Include="src\pch.h" />
    <ClInclude Include="src\color.h">
      <Filter>components</Filter>
    </ClInclude>
    <ClInclude Include="src\comparinator.h">
      <Filter>components</Filter>
    </ClInclude>
    <ClInclude Include="src\tuple.h">
      <Filter>components</Filter>
    </ClInclude>
    <ClInclude Include="src\canvas.h">
      <Filter>components</Filter>
    </ClInclude>
    <ClInclude Include="src\matrix.h">
      <Filter>components</Filter>
    </ClInclude>
    <ClInclude Include="src\ray.h">
      <Filter>components</Filter>
    </ClInclude>
  </ItemGroup>
  <ItemGroup>
    <None Include="packages.config" />
  </ItemGroup>
  <ItemGroup>
    <Filter Include="components">
      <UniqueIdentifier>{dc5fa748-4c03-4ae9-a1ca-564b1eedda11}</UniqueIdentifier>
    </Filter>
  </ItemGroup>
</Project>