
Microsoft Visual Studio Solution File, Format Version 12.00
# Visual Studio Version 17
VisualStudioVersion = 17.7.34009.444
MinimumVisualStudioVersion = 10.0.40219.1
Project("{2150E333-8FDC-42A3-9474-1A3956D46DE8}") = "lib", "lib", "{AB32C1D3-0EB1-4024-9766-CAE4484FBF4E}"
EndProject
Project("{FAE04EC0-301F-11D3-BF4B-00C04F79EFBC}") = "RayTracer", "lib\RayTracer\RayTracer.csproj", "{97BC257C-92AC-4C2A-AF1E-74899AF0FD4A}"
EndProject
Project("{FAE04EC0-301F-11D3-BF4B-00C04F79EFBC}") = "Config", "lib\Config\Config.csproj", "{A67712DE-8911-4D22-92E6-22EABF30036D}"
EndProject
Project("{FAE04EC0-301F-11D3-BF4B-00C04F79EFBC}") = "Calculator", "lib\Calculator\Calculator.csproj", "{D533FD69-2D22-4799-94BD-2FA65487D349}"
EndProject
Project("{FAE04EC0-301F-11D3-BF4B-00C04F79EFBC}") = "csharp", "lib\GildedRose-Refactoring-Kata\csharp.csproj", "{FF458886-4482-42FC-9866-59DF717F8ECD}"
EndProject
Project("{FAE04EC0-301F-11D3-BF4B-00C04F79EFBC}") = "ProjectMeta", "lib\ProjectMeta\ProjectMeta.csproj", "{2D5B26B6-3906-495C-9D33-C2E6981B2AE3}"
EndProject
Global
	GlobalSection(SolutionConfigurationPlatforms) = preSolution
		Debug|Any CPU = Debug|Any CPU
		Release|Any CPU = Release|Any CPU
	EndGlobalSection
	GlobalSection(ProjectConfigurationPlatforms) = postSolution
		{B866F53D-263A-4803-809F-6656A321A0D9}.Debug|Any CPU.ActiveCfg = Debug|Any CPU
		{B866F53D-263A-4803-809F-6656A321A0D9}.Debug|Any CPU.Build.0 = Debug|Any CPU
		{B866F53D-263A-4803-809F-6656A321A0D9}.Release|Any CPU.ActiveCfg = Release|Any CPU
		{B866F53D-263A-4803-809F-6656A321A0D9}.Release|Any CPU.Build.0 = Release|Any CPU
		{096F8E88-0DC8-49AB-BCA3-E59828610E65}.Debug|Any CPU.ActiveCfg = Debug|Any CPU
		{096F8E88-0DC8-49AB-BCA3-E59828610E65}.Debug|Any CPU.Build.0 = Debug|Any CPU
		{096F8E88-0DC8-49AB-BCA3-E59828610E65}.Release|Any CPU.ActiveCfg = Release|Any CPU
		{096F8E88-0DC8-49AB-BCA3-E59828610E65}.Release|Any CPU.Build.0 = Release|Any CPU
		{8B0E78B6-415D-4C15-8CCE-DD43ADD5EAB3}.Debug|Any CPU.ActiveCfg = Debug|Any CPU
		{8B0E78B6-415D-4C15-8CCE-DD43ADD5EAB3}.Debug|Any CPU.Build.0 = Debug|Any CPU
		{8B0E78B6-415D-4C15-8CCE-DD43ADD5EAB3}.Release|Any CPU.ActiveCfg = Release|Any CPU
		{8B0E78B6-415D-4C15-8CCE-DD43ADD5EAB3}.Release|Any CPU.Build.0 = Release|Any CPU
		{A9392214-B0AB-466D-81A6-D56DDF9F64AB}.Debug|Any CPU.ActiveCfg = Debug|Any CPU
		{A9392214-B0AB-466D-81A6-D56DDF9F64AB}.Debug|Any CPU.Build.0 = Debug|Any CPU
		{A9392214-B0AB-466D-81A6-D56DDF9F64AB}.Release|Any CPU.ActiveCfg = Release|Any CPU
		{A9392214-B0AB-466D-81A6-D56DDF9F64AB}.Release|Any CPU.Build.0 = Release|Any CPU
		{E815C400-D887-4E8C-8864-97CBDB64D309}.Debug|Any CPU.ActiveCfg = Debug|Any CPU
		{E815C400-D887-4E8C-8864-97CBDB64D309}.Debug|Any CPU.Build.0 = Debug|Any CPU
		{E815C400-D887-4E8C-8864-97CBDB64D309}.Release|Any CPU.ActiveCfg = Release|Any CPU
		{E815C400-D887-4E8C-8864-97CBDB64D309}.Release|Any CPU.Build.0 = Release|Any CPU
		{97BC257C-92AC-4C2A-AF1E-74899AF0FD4A}.Debug|Any CPU.ActiveCfg = Debug|Any CPU
		{97BC257C-92AC-4C2A-AF1E-74899AF0FD4A}.Debug|Any CPU.Build.0 = Debug|Any CPU
		{97BC257C-92AC-4C2A-AF1E-74899AF0FD4A}.Release|Any CPU.ActiveCfg = Release|Any CPU
		{97BC257C-92AC-4C2A-AF1E-74899AF0FD4A}.Release|Any CPU.Build.0 = Release|Any CPU
		{A67712DE-8911-4D22-92E6-22EABF30036D}.Debug|Any CPU.ActiveCfg = Debug|Any CPU
		{A67712DE-8911-4D22-92E6-22EABF30036D}.Debug|Any CPU.Build.0 = Debug|Any CPU
		{A67712DE-8911-4D22-92E6-22EABF30036D}.Release|Any CPU.ActiveCfg = Release|Any CPU
		{A67712DE-8911-4D22-92E6-22EABF30036D}.Release|Any CPU.Build.0 = Release|Any CPU
		{D533FD69-2D22-4799-94BD-2FA65487D349}.Debug|Any CPU.ActiveCfg = Debug|Any CPU
		{D533FD69-2D22-4799-94BD-2FA65487D349}.Debug|Any CPU.Build.0 = Debug|Any CPU
		{D533FD69-2D22-4799-94BD-2FA65487D349}.Release|Any CPU.ActiveCfg = Release|Any CPU
		{D533FD69-2D22-4799-94BD-2FA65487D349}.Release|Any CPU.Build.0 = Release|Any CPU
		{FF458886-4482-42FC-9866-59DF717F8ECD}.Debug|Any CPU.ActiveCfg = Debug|Any CPU
		{FF458886-4482-42FC-9866-59DF717F8ECD}.Debug|Any CPU.Build.0 = Debug|Any CPU
		{FF458886-4482-42FC-9866-59DF717F8ECD}.Release|Any CPU.ActiveCfg = Release|Any CPU
		{FF458886-4482-42FC-9866-59DF717F8ECD}.Release|Any CPU.Build.0 = Release|Any CPU
		{2D5B26B6-3906-495C-9D33-C2E6981B2AE3}.Debug|Any CPU.ActiveCfg = Debug|Any CPU
		{2D5B26B6-3906-495C-9D33-C2E6981B2AE3}.Debug|Any CPU.Build.0 = Debug|Any CPU
		{2D5B26B6-3906-495C-9D33-C2E6981B2AE3}.Release|Any CPU.ActiveCfg = Release|Any CPU
		{2D5B26B6-3906-495C-9D33-C2E6981B2AE3}.Release|Any CPU.Build.0 = Release|Any CPU
	EndGlobalSection
	GlobalSection(SolutionProperties) = preSolution
		HideSolutionNode = FALSE
	EndGlobalSection
	GlobalSection(ExtensibilityGlobals) = postSolution
		SolutionGuid = {C011071F-303D-49DB-A3FF-B0FBA7CB8DAA}
	EndGlobalSection
	GlobalSection(NestedProjects) = preSolution
	EndGlobalSection
EndGlobal
